
Microsoft Visual Studio Solution File, Format Version 12.00
# Visual Studio 15
VisualStudioVersion = 15.0.28307.136
MinimumVisualStudioVersion = 10.0.40219.1
Project("{FAE04EC0-301F-11D3-BF4B-00C04F79EFBC}") = "ArduinoApp.Android", "ArduinoApp\ArduinoApp.Android\ArduinoApp.Android.csproj", "{0609ED87-5FB0-4AC5-B7FA-77A8356978C2}"
EndProject
Project("{FAE04EC0-301F-11D3-BF4B-00C04F79EFBC}") = "ArduinoApp.iOS", "ArduinoApp\ArduinoApp.iOS\ArduinoApp.iOS.csproj", "{7BCD2344-D1ED-449D-9EE1-9FADC0C47B21}"
EndProject
Project("{FAE04EC0-301F-11D3-BF4B-00C04F79EFBC}") = "ArduinoApp", "ArduinoApp\ArduinoApp\ArduinoApp.csproj", "{3F90AAEB-6C65-4E10-B4F3-5D7EC938577E}"
EndProject
Global
	GlobalSection(SolutionConfigurationPlatforms) = preSolution
		Ad-Hoc|Any CPU = Ad-Hoc|Any CPU
		Ad-Hoc|iPhone = Ad-Hoc|iPhone
		Ad-Hoc|iPhoneSimulator = Ad-Hoc|iPhoneSimulator
		AppStore|Any CPU = AppStore|Any CPU
		AppStore|iPhone = AppStore|iPhone
		AppStore|iPhoneSimulator = AppStore|iPhoneSimulator
		Debug|Any CPU = Debug|Any CPU
		Debug|iPhone = Debug|iPhone
		Debug|iPhoneSimulator = Debug|iPhoneSimulator
		Release|Any CPU = Release|Any CPU
		Release|iPhone = Release|iPhone
		Release|iPhoneSimulator = Release|iPhoneSimulator
	EndGlobalSection
	GlobalSection(ProjectConfigurationPlatforms) = postSolution
		{0609ED87-5FB0-4AC5-B7FA-77A8356978C2}.Ad-Hoc|Any CPU.ActiveCfg = Release|Any CPU
		{0609ED87-5FB0-4AC5-B7FA-77A8356978C2}.Ad-Hoc|Any CPU.Build.0 = Release|Any CPU
		{0609ED87-5FB0-4AC5-B7FA-77A8356978C2}.Ad-Hoc|Any CPU.Deploy.0 = Release|Any CPU
		{0609ED87-5FB0-4AC5-B7FA-77A8356978C2}.Ad-Hoc|iPhone.ActiveCfg = Release|Any CPU
		{0609ED87-5FB0-4AC5-B7FA-77A8356978C2}.Ad-Hoc|iPhone.Build.0 = Release|Any CPU
		{0609ED87-5FB0-4AC5-B7FA-77A8356978C2}.Ad-Hoc|iPhone.Deploy.0 = Release|Any CPU
		{0609ED87-5FB0-4AC5-B7FA-77A8356978C2}.Ad-Hoc|iPhoneSimulator.ActiveCfg = Release|Any CPU
		{0609ED87-5FB0-4AC5-B7FA-77A8356978C2}.Ad-Hoc|iPhoneSimulator.Build.0 = Release|Any CPU
		{0609ED87-5FB0-4AC5-B7FA-77A8356978C2}.Ad-Hoc|iPhoneSimulator.Deploy.0 = Release|Any CPU
		{0609ED87-5FB0-4AC5-B7FA-77A8356978C2}.AppStore|Any CPU.ActiveCfg = Release|Any CPU
		{0609ED87-5FB0-4AC5-B7FA-77A8356978C2}.AppStore|Any CPU.Build.0 = Release|Any CPU
		{0609ED87-5FB0-4AC5-B7FA-77A8356978C2}.AppStore|Any CPU.Deploy.0 = Release|Any CPU
		{0609ED87-5FB0-4AC5-B7FA-77A8356978C2}.AppStore|iPhone.ActiveCfg = Release|Any CPU
		{0609ED87-5FB0-4AC5-B7FA-77A8356978C2}.AppStore|iPhone.Build.0 = Release|Any CPU
		{0609ED87-5FB0-4AC5-B7FA-77A8356978C2}.AppStore|iPhone.Deploy.0 = Release|Any CPU
		{0609ED87-5FB0-4AC5-B7FA-77A8356978C2}.AppStore|iPhoneSimulator.ActiveCfg = Release|Any CPU
		{0609ED87-5FB0-4AC5-B7FA-77A8356978C2}.AppStore|iPhoneSimulator.Build.0 = Release|Any CPU
		{0609ED87-5FB0-4AC5-B7FA-77A8356978C2}.AppStore|iPhoneSimulator.Deploy.0 = Release|Any CPU
		{0609ED87-5FB0-4AC5-B7FA-77A8356978C2}.Debug|Any CPU.ActiveCfg = Debug|Any CPU
		{0609ED87-5FB0-4AC5-B7FA-77A8356978C2}.Debug|Any CPU.Build.0 = Debug|Any CPU
		{0609ED87-5FB0-4AC5-B7FA-77A8356978C2}.Debug|Any CPU.Deploy.0 = Debug|Any CPU
		{0609ED87-5FB0-4AC5-B7FA-77A8356978C2}.Debug|iPhone.ActiveCfg = Debug|Any CPU
		{0609ED87-5FB0-4AC5-B7FA-77A8356978C2}.Debug|iPhone.Build.0 = Debug|Any CPU
		{0609ED87-5FB0-4AC5-B7FA-77A8356978C2}.Debug|iPhone.Deploy.0 = Debug|Any CPU
		{0609ED87-5FB0-4AC5-B7FA-77A8356978C2}.Debug|iPhoneSimulator.ActiveCfg = Debug|Any CPU
		{0609ED87-5FB0-4AC5-B7FA-77A8356978C2}.Debug|iPhoneSimulator.Build.0 = Debug|Any CPU
		{0609ED87-5FB0-4AC5-B7FA-77A8356978C2}.Debug|iPhoneSimulator.Deploy.0 = Debug|Any CPU
		{0609ED87-5FB0-4AC5-B7FA-77A8356978C2}.Release|Any CPU.ActiveCfg = Release|Any CPU
		{0609ED87-5FB0-4AC5-B7FA-77A8356978C2}.Release|Any CPU.Build.0 = Release|Any CPU
		{0609ED87-5FB0-4AC5-B7FA-77A8356978C2}.Release|Any CPU.Deploy.0 = Release|Any CPU
		{0609ED87-5FB0-4AC5-B7FA-77A8356978C2}.Release|iPhone.ActiveCfg = Release|Any CPU
		{0609ED87-5FB0-4AC5-B7FA-77A8356978C2}.Release|iPhone.Build.0 = Release|Any CPU
		{0609ED87-5FB0-4AC5-B7FA-77A8356978C2}.Release|iPhone.Deploy.0 = Release|Any CPU
		{0609ED87-5FB0-4AC5-B7FA-77A8356978C2}.Release|iPhoneSimulator.ActiveCfg = Release|Any CPU
		{0609ED87-5FB0-4AC5-B7FA-77A8356978C2}.Release|iPhoneSimulator.Build.0 = Release|Any CPU
		{0609ED87-5FB0-4AC5-B7FA-77A8356978C2}.Release|iPhoneSimulator.Deploy.0 = Release|Any CPU
		{7BCD2344-D1ED-449D-9EE1-9FADC0C47B21}.Ad-Hoc|Any CPU.ActiveCfg = Ad-Hoc|iPhone
		{7BCD2344-D1ED-449D-9EE1-9FADC0C47B21}.Ad-Hoc|Any CPU.Build.0 = Ad-Hoc|iPhone
		{7BCD2344-D1ED-449D-9EE1-9FADC0C47B21}.Ad-Hoc|Any CPU.Deploy.0 = Ad-Hoc|iPhone
		{7BCD2344-D1ED-449D-9EE1-9FADC0C47B21}.Ad-Hoc|iPhone.ActiveCfg = Ad-Hoc|iPhone
		{7BCD2344-D1ED-449D-9EE1-9FADC0C47B21}.Ad-Hoc|iPhone.Build.0 = Ad-Hoc|iPhone
		{7BCD2344-D1ED-449D-9EE1-9FADC0C47B21}.Ad-Hoc|iPhone.Deploy.0 = Ad-Hoc|iPhone
		{7BCD2344-D1ED-449D-9EE1-9FADC0C47B21}.Ad-Hoc|iPhoneSimulator.ActiveCfg = Ad-Hoc|iPhoneSimulator
		{7BCD2344-D1ED-449D-9EE1-9FADC0C47B21}.Ad-Hoc|iPhoneSimulator.Build.0 = Ad-Hoc|iPhoneSimulator
		{7BCD2344-D1ED-449D-9EE1-9FADC0C47B21}.Ad-Hoc|iPhoneSimulator.Deploy.0 = Ad-Hoc|iPhoneSimulator
		{7BCD2344-D1ED-449D-9EE1-9FADC0C47B21}.AppStore|Any CPU.ActiveCfg = AppStore|iPhone
		{7BCD2344-D1ED-449D-9EE1-9FADC0C47B21}.AppStore|Any CPU.Build.0 = AppStore|iPhone
		{7BCD2344-D1ED-449D-9EE1-9FADC0C47B21}.AppStore|Any CPU.Deploy.0 = AppStore|iPhone
		{7BCD2344-D1ED-449D-9EE1-9FADC0C47B21}.AppStore|iPhone.ActiveCfg = AppStore|iPhone
		{7BCD2344-D1ED-449D-9EE1-9FADC0C47B21}.AppStore|iPhone.Build.0 = AppStore|iPhone
		{7BCD2344-D1ED-449D-9EE1-9FADC0C47B21}.AppStore|iPhone.Deploy.0 = AppStore|iPhone
		{7BCD2344-D1ED-449D-9EE1-9FADC0C47B21}.AppStore|iPhoneSimulator.ActiveCfg = AppStore|iPhoneSimulator
		{7BCD2344-D1ED-449D-9EE1-9FADC0C47B21}.AppStore|iPhoneSimulator.Build.0 = AppStore|iPhoneSimulator
		{7BCD2344-D1ED-449D-9EE1-9FADC0C47B21}.AppStore|iPhoneSimulator.Deploy.0 = AppStore|iPhoneSimulator
		{7BCD2344-D1ED-449D-9EE1-9FADC0C47B21}.Debug|Any CPU.ActiveCfg = Debug|iPhoneSimulator
		{7BCD2344-D1ED-449D-9EE1-9FADC0C47B21}.Debug|Any CPU.Build.0 = Debug|iPhoneSimulator
		{7BCD2344-D1ED-449D-9EE1-9FADC0C47B21}.Debug|Any CPU.Deploy.0 = Debug|iPhoneSimulator
		{7BCD2344-D1ED-449D-9EE1-9FADC0C47B21}.Debug|iPhone.ActiveCfg = Debug|iPhone
		{7BCD2344-D1ED-449D-9EE1-9FADC0C47B21}.Debug|iPhone.Build.0 = Debug|iPhone
		{7BCD2344-D1ED-449D-9EE1-9FADC0C47B21}.Debug|iPhone.Deploy.0 = Debug|iPhone
		{7BCD2344-D1ED-449D-9EE1-9FADC0C47B21}.Debug|iPhoneSimulator.ActiveCfg = Debug|iPhoneSimulator
		{7BCD2344-D1ED-449D-9EE1-9FADC0C47B21}.Debug|iPhoneSimulator.Build.0 = Debug|iPhoneSimulator
		{7BCD2344-D1ED-449D-9EE1-9FADC0C47B21}.Debug|iPhoneSimulator.Deploy.0 = Debug|iPhoneSimulator
		{7BCD2344-D1ED-449D-9EE1-9FADC0C47B21}.Release|Any CPU.ActiveCfg = Release|iPhone
		{7BCD2344-D1ED-449D-9EE1-9FADC0C47B21}.Release|Any CPU.Build.0 = Release|iPhone
		{7BCD2344-D1ED-449D-9EE1-9FADC0C47B21}.Release|Any CPU.Deploy.0 = Release|iPhone
		{7BCD2344-D1ED-449D-9EE1-9FADC0C47B21}.Release|iPhone.ActiveCfg = Release|iPhone
		{7BCD2344-D1ED-449D-9EE1-9FADC0C47B21}.Release|iPhone.Build.0 = Release|iPhone
		{7BCD2344-D1ED-449D-9EE1-9FADC0C47B21}.Release|iPhone.Deploy.0 = Release|iPhone
		{7BCD2344-D1ED-449D-9EE1-9FADC0C47B21}.Release|iPhoneSimulator.ActiveCfg = Release|iPhoneSimulator
		{7BCD2344-D1ED-449D-9EE1-9FADC0C47B21}.Release|iPhoneSimulator.Build.0 = Release|iPhoneSimulator
		{7BCD2344-D1ED-449D-9EE1-9FADC0C47B21}.Release|iPhoneSimulator.Deploy.0 = Release|iPhoneSimulator
		{3F90AAEB-6C65-4E10-B4F3-5D7EC938577E}.Ad-Hoc|Any CPU.ActiveCfg = Debug|Any CPU
		{3F90AAEB-6C65-4E10-B4F3-5D7EC938577E}.Ad-Hoc|Any CPU.Build.0 = Debug|Any CPU
		{3F90AAEB-6C65-4E10-B4F3-5D7EC938577E}.Ad-Hoc|Any CPU.Deploy.0 = Debug|Any CPU
		{3F90AAEB-6C65-4E10-B4F3-5D7EC938577E}.Ad-Hoc|iPhone.ActiveCfg = Debug|Any CPU
		{3F90AAEB-6C65-4E10-B4F3-5D7EC938577E}.Ad-Hoc|iPhone.Build.0 = Debug|Any CPU
		{3F90AAEB-6C65-4E10-B4F3-5D7EC938577E}.Ad-Hoc|iPhone.Deploy.0 = Debug|Any CPU
		{3F90AAEB-6C65-4E10-B4F3-5D7EC938577E}.Ad-Hoc|iPhoneSimulator.ActiveCfg = Debug|Any CPU
		{3F90AAEB-6C65-4E10-B4F3-5D7EC938577E}.Ad-Hoc|iPhoneSimulator.Build.0 = Debug|Any CPU
		{3F90AAEB-6C65-4E10-B4F3-5D7EC938577E}.Ad-Hoc|iPhoneSimulator.Deploy.0 = Debug|Any CPU
		{3F90AAEB-6C65-4E10-B4F3-5D7EC938577E}.AppStore|Any CPU.ActiveCfg = Debug|Any CPU
		{3F90AAEB-6C65-4E10-B4F3-5D7EC938577E}.AppStore|Any CPU.Build.0 = Debug|Any CPU
		{3F90AAEB-6C65-4E10-B4F3-5D7EC938577E}.AppStore|Any CPU.Deploy.0 = Debug|Any CPU
		{3F90AAEB-6C65-4E10-B4F3-5D7EC938577E}.AppStore|iPhone.ActiveCfg = Debug|Any CPU
		{3F90AAEB-6C65-4E10-B4F3-5D7EC938577E}.AppStore|iPhone.Build.0 = Debug|Any CPU
		{3F90AAEB-6C65-4E10-B4F3-5D7EC938577E}.AppStore|iPhone.Deploy.0 = Debug|Any CPU
		{3F90AAEB-6C65-4E10-B4F3-5D7EC938577E}.AppStore|iPhoneSimulator.ActiveCfg = Debug|Any CPU
		{3F90AAEB-6C65-4E10-B4F3-5D7EC938577E}.AppStore|iPhoneSimulator.Build.0 = Debug|Any CPU
		{3F90AAEB-6C65-4E10-B4F3-5D7EC938577E}.AppStore|iPhoneSimulator.Deploy.0 = Debug|Any CPU
		{3F90AAEB-6C65-4E10-B4F3-5D7EC938577E}.Debug|Any CPU.ActiveCfg = Debug|Any CPU
		{3F90AAEB-6C65-4E10-B4F3-5D7EC938577E}.Debug|Any CPU.Build.0 = Debug|Any CPU
		{3F90AAEB-6C65-4E10-B4F3-5D7EC938577E}.Debug|Any CPU.Deploy.0 = Debug|Any CPU
		{3F90AAEB-6C65-4E10-B4F3-5D7EC938577E}.Debug|iPhone.ActiveCfg = Debug|Any CPU
		{3F90AAEB-6C65-4E10-B4F3-5D7EC938577E}.Debug|iPhone.Build.0 = Debug|Any CPU
		{3F90AAEB-6C65-4E10-B4F3-5D7EC938577E}.Debug|iPhone.Deploy.0 = Debug|Any CPU
		{3F90AAEB-6C65-4E10-B4F3-5D7EC938577E}.Debug|iPhoneSimulator.ActiveCfg = Debug|Any CPU
		{3F90AAEB-6C65-4E10-B4F3-5D7EC938577E}.Debug|iPhoneSimulator.Build.0 = Debug|Any CPU
		{3F90AAEB-6C65-4E10-B4F3-5D7EC938577E}.Debug|iPhoneSimulator.Deploy.0 = Debug|Any CPU
		{3F90AAEB-6C65-4E10-B4F3-5D7EC938577E}.Release|Any CPU.ActiveCfg = Release|Any CPU
		{3F90AAEB-6C65-4E10-B4F3-5D7EC938577E}.Release|Any CPU.Build.0 = Release|Any CPU
		{3F90AAEB-6C65-4E10-B4F3-5D7EC938577E}.Release|Any CPU.Deploy.0 = Release|Any CPU
		{3F90AAEB-6C65-4E10-B4F3-5D7EC938577E}.Release|iPhone.ActiveCfg = Release|Any CPU
		{3F90AAEB-6C65-4E10-B4F3-5D7EC938577E}.Release|iPhone.Build.0 = Release|Any CPU
		{3F90AAEB-6C65-4E10-B4F3-5D7EC938577E}.Release|iPhone.Deploy.0 = Release|Any CPU
		{3F90AAEB-6C65-4E10-B4F3-5D7EC938577E}.Release|iPhoneSimulator.ActiveCfg = Release|Any CPU
		{3F90AAEB-6C65-4E10-B4F3-5D7EC938577E}.Release|iPhoneSimulator.Build.0 = Release|Any CPU
		{3F90AAEB-6C65-4E10-B4F3-5D7EC938577E}.Release|iPhoneSimulator.Deploy.0 = Release|Any CPU
	EndGlobalSection
	GlobalSection(SolutionProperties) = preSolution
		HideSolutionNode = FALSE
	EndGlobalSection
	GlobalSection(ExtensibilityGlobals) = postSolution
		SolutionGuid = {D227D1A4-6246-4EDB-A545-7724D5881F8A}
	EndGlobalSection
EndGlobal
